
Microsoft Visual Studio Solution File, Format Version 12.00
# Visual Studio Version 17
VisualStudioVersion = 17.0.31903.59
MinimumVisualStudioVersion = 10.0.40219.1
Project("{FAE04EC0-301F-11D3-BF4B-00C04F79EFBC}") = "MarcasAutosAPI", "MarcasAutosAPI\MarcasAutosAPI.csproj", "{69B81B88-31B8-458D-8D8B-73FA99F86A48}"
EndProject
Project("{FAE04EC0-301F-11D3-BF4B-00C04F79EFBC}") = "MarcasAutosAPI.Tests", "MarcasAutosAPI.Tests\MarcasAutosAPI.Tests.csproj", "{1B85FD0B-31C0-4A5B-9328-3B7533867915}"
EndProject
Global
	GlobalSection(SolutionConfigurationPlatforms) = preSolution
		Debug|Any CPU = Debug|Any CPU
		Release|Any CPU = Release|Any CPU
	EndGlobalSection
	GlobalSection(SolutionProperties) = preSolution
		HideSolutionNode = FALSE
	EndGlobalSection
	GlobalSection(ProjectConfigurationPlatforms) = postSolution
		{69B81B88-31B8-458D-8D8B-73FA99F86A48}.Debug|Any CPU.ActiveCfg = Debug|Any CPU
		{69B81B88-31B8-458D-8D8B-73FA99F86A48}.Debug|Any CPU.Build.0 = Debug|Any CPU
		{69B81B88-31B8-458D-8D8B-73FA99F86A48}.Release|Any CPU.ActiveCfg = Release|Any CPU
		{69B81B88-31B8-458D-8D8B-73FA99F86A48}.Release|Any CPU.Build.0 = Release|Any CPU
		{1B85FD0B-31C0-4A5B-9328-3B7533867915}.Debug|Any CPU.ActiveCfg = Debug|Any CPU
		{1B85FD0B-31C0-4A5B-9328-3B7533867915}.Debug|Any CPU.Build.0 = Debug|Any CPU
		{1B85FD0B-31C0-4A5B-9328-3B7533867915}.Release|Any CPU.ActiveCfg = Release|Any CPU
		{1B85FD0B-31C0-4A5B-9328-3B7533867915}.Release|Any CPU.Build.0 = Release|Any CPU
	EndGlobalSection
EndGlobal
